{
  "name": "5.4",
  "lockfileVersion": 3,
  "requires": true,
  "packages": {
    "": {
      "dependencies": {
        "types-registry": "^0.1.684"
      },
      "devDependencies": {
        "@types/enquire.js": "^2.1.5",
        "@types/json2mq": "^0.2.2",
        "@types/node": "^20.12.7",
        "@types/object-assign": "^4.0.33",
        "@types/react-bootstrap": "^0.32.36",
        "@types/react-burger-menu": "^2.8.7",
        "@types/react-dom": "^18.2.25",
        "@types/react-helmet": "^6.1.11",
        "@types/react-side-effect": "^1.1.4",
        "@types/react-slick": "^0.23.13",
        "@types/slick-carousel": "^1.6.40",
        "@types/vscode": "^1.88.0"
      }
    },
    "node_modules/@types/enquire.js": {
      "version": "2.1.5",
      "resolved": "https://registry.npmjs.org/@types/enquire.js/-/enquire.js-2.1.5.tgz",
      "integrity": "sha512-pnUx0SLj11hE3D4BAgu+a0mjioUqvh+0l8D/UzXNh76hj/vaMmblILIFEhJ6V6aY65lKrg9YsZrzL8YwgCAW/g==",
      "dev": true
    },
    "node_modules/@types/jquery": {
      "version": "3.5.29",
      "resolved": "https://registry.npmjs.org/@types/jquery/-/jquery-3.5.29.tgz",
      "integrity": "sha512-oXQQC9X9MOPRrMhPHHOsXqeQDnWeCDT3PelUIg/Oy8FAbzSZtFHRjc7IpbfFVmpLtJ+UOoywpRsuO5Jxjybyeg==",
      "dev": true,
      "dependencies": {
        "@types/sizzle": "*"
      }
    },
    "node_modules/@types/json2mq": {
      "version": "0.2.2",
      "resolved": "https://registry.npmjs.org/@types/json2mq/-/json2mq-0.2.2.tgz",
      "integrity": "sha512-JqJOjbozVUnL8yP1b3Mmn+P8QBcp67hZfgf+zZmrIatxWUlll/HQRaG7mCD57uni0mVAUTpdPe6nGuNXcl9Yrg==",
      "dev": true
    },
    "node_modules/@types/node": {
      "version": "20.12.7",
      "resolved": "https://registry.npmjs.org/@types/node/-/node-20.12.7.tgz",
      "integrity": "sha512-wq0cICSkRLVaf3UGLMGItu/PtdY7oaXaI/RVU+xliKVOtRna3PRY57ZDfztpDL0n11vfymMUnXv8QwYCO7L1wg==",
      "dev": true,
      "dependencies": {
        "undici-types": "~5.26.4"
      }
    },
    "node_modules/@types/object-assign": {
      "version": "4.0.33",
      "resolved": "https://registry.npmjs.org/@types/object-assign/-/object-assign-4.0.33.tgz",
      "integrity": "sha512-HeuamLPmpVPuJU/oY7z/YGAezy4HFy6mhvzwupi9Xc8n0FKY8tR1/U3AKaOn/I5Mb4dvbw2szSYcXi84eW07TQ==",
      "dev": true
    },
    "node_modules/@types/prop-types": {
      "version": "15.7.12",
      "resolved": "https://registry.npmjs.org/@types/prop-types/-/prop-types-15.7.12.tgz",
      "integrity": "sha512-5zvhXYtRNRluoE/jAp4GVsSduVUzNWKkOZrCDBWYtE7biZywwdC2AcEzg+cSMLFRfVgeAFqpfNabiPjxFddV1Q==",
      "dev": true
    },
    "node_modules/@types/react": {
      "version": "18.2.78",
      "resolved": "https://registry.npmjs.org/@types/react/-/react-18.2.78.tgz",
      "integrity": "sha512-qOwdPnnitQY4xKlKayt42q5W5UQrSHjgoXNVEtxeqdITJ99k4VXJOP3vt8Rkm9HmgJpH50UNU+rlqfkfWOqp0A==",
      "dev": true,
      "dependencies": {
        "@types/prop-types": "*",
        "csstype": "^3.0.2"
      }
    },
    "node_modules/@types/react-bootstrap": {
      "version": "0.32.36",
      "resolved": "https://registry.npmjs.org/@types/react-bootstrap/-/react-bootstrap-0.32.36.tgz",
      "integrity": "sha512-xldfs2zixagAFEafy/XzRvZH1NtjRnLfbgL0cZ2a0Eykz+iILE/Xa46tnUFcLln6ZBq1Qp9uArhIbkkuhBU30g==",
      "dev": true,
      "dependencies": {
        "@types/react": "*"
      }
    },
    "node_modules/@types/react-burger-menu": {
      "version": "2.8.7",
      "resolved": "https://registry.npmjs.org/@types/react-burger-menu/-/react-burger-menu-2.8.7.tgz",
      "integrity": "sha512-MNAvK/pXRtGGpmeV1id2Xd9W9rkIC9ehULPmBiIIcF2oo7C8WPGfHcIBx17HqExbeJIXARXFkenQ7tg2pHZPvQ==",
      "dev": true,
      "dependencies": {
        "@types/react": "*"
      }
    },
    "node_modules/@types/react-dom": {
      "version": "18.2.25",
      "resolved": "https://registry.npmjs.org/@types/react-dom/-/react-dom-18.2.25.tgz",
      "integrity": "sha512-o/V48vf4MQh7juIKZU2QGDfli6p1+OOi5oXx36Hffpc9adsHeXjVp8rHuPkjd8VT8sOJ2Zp05HR7CdpGTIUFUA==",
      "dev": true,
      "dependencies": {
        "@types/react": "*"
      }
    },
    "node_modules/@types/react-helmet": {
      "version": "6.1.11",
      "resolved": "https://registry.npmjs.org/@types/react-helmet/-/react-helmet-6.1.11.tgz",
      "integrity": "sha512-0QcdGLddTERotCXo3VFlUSWO3ztraw8nZ6e3zJSgG7apwV5xt+pJUS8ewPBqT4NYB1optGLprNQzFleIY84u/g==",
      "dev": true,
      "dependencies": {
        "@types/react": "*"
      }
    },
    "node_modules/@types/react-side-effect": {
      "version": "1.1.4",
      "resolved": "https://registry.npmjs.org/@types/react-side-effect/-/react-side-effect-1.1.4.tgz",
      "integrity": "sha512-OjklOGy18G0VrHMOIA0TbhqgJT8chAEc6OYi8AcSodeUlaHf/egFIMV3bn30JccNw8YwKMxFYL5Bjwn6RgBtCg==",
      "dev": true,
      "dependencies": {
        "@types/react": "*"
      }
    },
    "node_modules/@types/react-slick": {
      "version": "0.23.13",
      "resolved": "https://registry.npmjs.org/@types/react-slick/-/react-slick-0.23.13.tgz",
      "integrity": "sha512-bNZfDhe/L8t5OQzIyhrRhBr/61pfBcWaYJoq6UDqFtv5LMwfg4NsVDD2J8N01JqdAdxLjOt66OZEp6PX+dGs/A==",
      "dev": true,
      "dependencies": {
        "@types/react": "*"
      }
    },
    "node_modules/@types/sizzle": {
      "version": "2.3.8",
      "resolved": "https://registry.npmjs.org/@types/sizzle/-/sizzle-2.3.8.tgz",
      "integrity": "sha512-0vWLNK2D5MT9dg0iOo8GlKguPAU02QjmZitPEsXRuJXU/OGIOt9vT9Fc26wtYuavLxtO45v9PGleoL9Z0k1LHg==",
      "dev": true
    },
    "node_modules/@types/slick-carousel": {
      "version": "1.6.40",
      "resolved": "https://registry.npmjs.org/@types/slick-carousel/-/slick-carousel-1.6.40.tgz",
      "integrity": "sha512-r56PBGVLYHmZvFSV+UC4dYbnpEu3LGzgJiSSixBx5ME+IUhsyho1XP7gKSG0R9tiYSx54ftq/g+miLQTbA10Dw==",
      "dev": true,
      "dependencies": {
        "@types/jquery": "*"
      }
    },
    "node_modules/@types/vscode": {
      "version": "1.88.0",
      "resolved": "https://registry.npmjs.org/@types/vscode/-/vscode-1.88.0.tgz",
      "integrity": "sha512-rWY+Bs6j/f1lvr8jqZTyp5arRMfovdxolcqGi+//+cPDOh8SBvzXH90e7BiSXct5HJ9HGW6jATchbRTpTJpEkw==",
      "dev": true
    },
    "node_modules/csstype": {
      "version": "3.1.3",
      "resolved": "https://registry.npmjs.org/csstype/-/csstype-3.1.3.tgz",
      "integrity": "sha512-M1uQkMl8rQK/szD0LNhtqxIPLpimGm8sOBwU7lLnCpSbTyY3yeU1Vc7l4KT5zT4s/yOxHH5O7tIuuLOCnLADRw==",
      "dev": true
    },
    "node_modules/types-registry": {
      "version": "0.1.684",
      "resolved": "https://registry.npmjs.org/types-registry/-/types-registry-0.1.684.tgz",
      "integrity": "sha512-B6v+g9M+7IJSc1w2THOmTuRKvd/ACxZTGXM18E8MzpHWx1mGUvGGT+RXsSnxNpyqtbjWLeXj8uyyu/MxVOS3xw=="
    },
    "node_modules/undici-types": {
      "version": "5.26.5",
      "resolved": "https://registry.npmjs.org/undici-types/-/undici-types-5.26.5.tgz",
      "integrity": "sha512-JlCMO+ehdEIKqlFxk6IfVoAUVmgz7cU7zD/h9XZ0qzeosSHmUJVOzSQvvYSYWXkFXC+IfLKSIffhv0sVZup6pA==",
      "dev": true
    }
  }
}
